
Microsoft Visual Studio Solution File, Format Version 10.00
# Visual Studio 2008
Project("{FAE04EC0-301F-11D3-BF4B-00C04F79EFBC}") = "Core.Sip.Client", "Core.Sip.Client\Core.Sip.Client.csproj", "{250E2813-20BF-4AA9-996F-927C1999B19B}"
EndProject
Project("{FAE04EC0-301F-11D3-BF4B-00C04F79EFBC}") = "YGJZJL.PublicComponent", "YGJZJL.PublicComponent\YGJZJL.PublicComponent.csproj", "{CBD8EACC-5102-48AE-9BAE-EE61F93F8515}"
EndProject
Project("{FAE04EC0-301F-11D3-BF4B-00C04F79EFBC}") = "YGJZJL.BaseDataManage", "YGJZJL.BaseDataManage\YGJZJL.BaseDataManage.csproj", "{B3A8B107-8DBF-4A26-847D-DD0B7312D3C5}"
EndProject
Project("{FAE04EC0-301F-11D3-BF4B-00C04F79EFBC}") = "YGJZJL.DynamicTrack", "YGJZJL.DynamicTrack\YGJZJL.DynamicTrack.csproj", "{9E15F605-6905-4301-A0F3-AE360998FA86}"
EndProject
Project("{FAE04EC0-301F-11D3-BF4B-00C04F79EFBC}") = "YGJZJL.Sap", "YGJZJL.Sap\YGJZJL.Sap.csproj", "{0B7D3179-12F8-4F6F-A7ED-AA1358682D83}"
EndProject
Project("{FAE04EC0-301F-11D3-BF4B-00C04F79EFBC}") = "YGJZJL.StaticTrack", "YGJZJL.StaticTrack\YGJZJL.StaticTrack.csproj", "{D24E23F0-546A-4A82-929B-7350FC9007E9}"
EndProject
Project("{FAE04EC0-301F-11D3-BF4B-00C04F79EFBC}") = "YGJZJL.Car", "YGJZJL.Car\YGJZJL.Car.csproj", "{8B1910BD-61BE-447C-882C-6972698E5422}"
EndProject
Project("{FAE04EC0-301F-11D3-BF4B-00C04F79EFBC}") = "YGJZJL.DepotMngr", "YGJZJL.DepotMngr\YGJZJL.DepotMngr.csproj", "{E567CCC3-4D4A-41D7-8E92-A01E90AEB4EF}"
EndProject
Project("{FAE04EC0-301F-11D3-BF4B-00C04F79EFBC}") = "YGJZJL.CarSip.Client", "YGJZJL.CarSip.Client\YGJZJL.CarSip.Client.csproj", "{B4CAFA24-0489-4794-AD13-06B8A1754F9C}"
EndProject
Project("{FAE04EC0-301F-11D3-BF4B-00C04F79EFBC}") = "YGJZJL.BoardBand", "YGJZJL.BoardBand\YGJZJL.BoardBand.csproj", "{F271CC7C-4A74-42DD-8A77-40F0565FB29A}"
EndProject
Project("{FAE04EC0-301F-11D3-BF4B-00C04F79EFBC}") = "YGJZJL.Bar", "YGJZJL.Bar\YGJZJL.Bar.csproj", "{A79EE937-D3E3-443D-89A8-CC83FC11F428}"
EndProject
Project("{FAE04EC0-301F-11D3-BF4B-00C04F79EFBC}") = "YGJZJL.SquareBilletTransfer", "YGJZJL.SquareBilletTransfer\YGJZJL.SquareBilletTransfer.csproj", "{A1A06FB8-B790-40EA-898E-71BD6196CAF7}"
EndProject
Project("{FAE04EC0-301F-11D3-BF4B-00C04F79EFBC}") = "YGJZJL.StrapWeight", "YGJZJL.StrapWeight\YGJZJL.StrapWeight.csproj", "{5132F35E-1DBF-4213-BB1F-1A419C469220}"
EndProject
Project("{FAE04EC0-301F-11D3-BF4B-00C04F79EFBC}") = "YGJZJL.Pipe", "YGJZJL.Pipe\YGJZJL.Pipe.csproj", "{F7D1BCC9-60FE-4945-A90A-2E9CD2AC4543}"
EndProject
Project("{FAE04EC0-301F-11D3-BF4B-00C04F79EFBC}") = "YGJZJL.SurfaceInspectionManager", "YGJZJL.SurfaceInspectionManager\YGJZJL.SurfaceInspectionManager.csproj", "{D24C894F-E8CB-4765-8FE2-F30B1152C094}"
EndProject
Global
	GlobalSection(SolutionConfigurationPlatforms) = preSolution
		Debug|Any CPU = Debug|Any CPU
		Release|Any CPU = Release|Any CPU
	EndGlobalSection
	GlobalSection(ProjectConfigurationPlatforms) = postSolution
		{250E2813-20BF-4AA9-996F-927C1999B19B}.Debug|Any CPU.ActiveCfg = Debug|Any CPU
		{250E2813-20BF-4AA9-996F-927C1999B19B}.Debug|Any CPU.Build.0 = Debug|Any CPU
		{250E2813-20BF-4AA9-996F-927C1999B19B}.Release|Any CPU.ActiveCfg = Release|Any CPU
		{250E2813-20BF-4AA9-996F-927C1999B19B}.Release|Any CPU.Build.0 = Release|Any CPU
		{CBD8EACC-5102-48AE-9BAE-EE61F93F8515}.Debug|Any CPU.ActiveCfg = Debug|Any CPU
		{CBD8EACC-5102-48AE-9BAE-EE61F93F8515}.Debug|Any CPU.Build.0 = Debug|Any CPU
		{CBD8EACC-5102-48AE-9BAE-EE61F93F8515}.Release|Any CPU.ActiveCfg = Release|Any CPU
		{CBD8EACC-5102-48AE-9BAE-EE61F93F8515}.Release|Any CPU.Build.0 = Release|Any CPU
		{B3A8B107-8DBF-4A26-847D-DD0B7312D3C5}.Debug|Any CPU.ActiveCfg = Debug|Any CPU
		{B3A8B107-8DBF-4A26-847D-DD0B7312D3C5}.Debug|Any CPU.Build.0 = Debug|Any CPU
		{B3A8B107-8DBF-4A26-847D-DD0B7312D3C5}.Release|Any CPU.ActiveCfg = Release|Any CPU
		{B3A8B107-8DBF-4A26-847D-DD0B7312D3C5}.Release|Any CPU.Build.0 = Release|Any CPU
		{9E15F605-6905-4301-A0F3-AE360998FA86}.Debug|Any CPU.ActiveCfg = Debug|Any CPU
		{9E15F605-6905-4301-A0F3-AE360998FA86}.Debug|Any CPU.Build.0 = Debug|Any CPU
		{9E15F605-6905-4301-A0F3-AE360998FA86}.Release|Any CPU.ActiveCfg = Release|Any CPU
		{9E15F605-6905-4301-A0F3-AE360998FA86}.Release|Any CPU.Build.0 = Release|Any CPU
		{0B7D3179-12F8-4F6F-A7ED-AA1358682D83}.Debug|Any CPU.ActiveCfg = Debug|Any CPU
		{0B7D3179-12F8-4F6F-A7ED-AA1358682D83}.Debug|Any CPU.Build.0 = Debug|Any CPU
		{0B7D3179-12F8-4F6F-A7ED-AA1358682D83}.Release|Any CPU.ActiveCfg = Release|Any CPU
		{0B7D3179-12F8-4F6F-A7ED-AA1358682D83}.Release|Any CPU.Build.0 = Release|Any CPU
		{D24E23F0-546A-4A82-929B-7350FC9007E9}.Debug|Any CPU.ActiveCfg = Debug|Any CPU
		{D24E23F0-546A-4A82-929B-7350FC9007E9}.Debug|Any CPU.Build.0 = Debug|Any CPU
		{D24E23F0-546A-4A82-929B-7350FC9007E9}.Release|Any CPU.ActiveCfg = Release|Any CPU
		{D24E23F0-546A-4A82-929B-7350FC9007E9}.Release|Any CPU.Build.0 = Release|Any CPU
		{8B1910BD-61BE-447C-882C-6972698E5422}.Debug|Any CPU.ActiveCfg = Debug|Any CPU
		{8B1910BD-61BE-447C-882C-6972698E5422}.Debug|Any CPU.Build.0 = Debug|Any CPU
		{8B1910BD-61BE-447C-882C-6972698E5422}.Release|Any CPU.ActiveCfg = Release|Any CPU
		{8B1910BD-61BE-447C-882C-6972698E5422}.Release|Any CPU.Build.0 = Release|Any CPU
		{E567CCC3-4D4A-41D7-8E92-A01E90AEB4EF}.Debug|Any CPU.ActiveCfg = Debug|Any CPU
		{E567CCC3-4D4A-41D7-8E92-A01E90AEB4EF}.Debug|Any CPU.Build.0 = Debug|Any CPU
		{E567CCC3-4D4A-41D7-8E92-A01E90AEB4EF}.Release|Any CPU.ActiveCfg = Release|Any CPU
		{E567CCC3-4D4A-41D7-8E92-A01E90AEB4EF}.Release|Any CPU.Build.0 = Release|Any CPU
		{B4CAFA24-0489-4794-AD13-06B8A1754F9C}.Debug|Any CPU.ActiveCfg = Debug|Any CPU
		{B4CAFA24-0489-4794-AD13-06B8A1754F9C}.Debug|Any CPU.Build.0 = Debug|Any CPU
		{B4CAFA24-0489-4794-AD13-06B8A1754F9C}.Release|Any CPU.ActiveCfg = Release|Any CPU
		{B4CAFA24-0489-4794-AD13-06B8A1754F9C}.Release|Any CPU.Build.0 = Release|Any CPU
		{F271CC7C-4A74-42DD-8A77-40F0565FB29A}.Debug|Any CPU.ActiveCfg = Debug|Any CPU
		{F271CC7C-4A74-42DD-8A77-40F0565FB29A}.Debug|Any CPU.Build.0 = Debug|Any CPU
		{F271CC7C-4A74-42DD-8A77-40F0565FB29A}.Release|Any CPU.ActiveCfg = Release|Any CPU
		{F271CC7C-4A74-42DD-8A77-40F0565FB29A}.Release|Any CPU.Build.0 = Release|Any CPU
		{A79EE937-D3E3-443D-89A8-CC83FC11F428}.Debug|Any CPU.ActiveCfg = Debug|Any CPU
		{A79EE937-D3E3-443D-89A8-CC83FC11F428}.Debug|Any CPU.Build.0 = Debug|Any CPU
		{A79EE937-D3E3-443D-89A8-CC83FC11F428}.Release|Any CPU.ActiveCfg = Release|Any CPU
		{A79EE937-D3E3-443D-89A8-CC83FC11F428}.Release|Any CPU.Build.0 = Release|Any CPU
		{A1A06FB8-B790-40EA-898E-71BD6196CAF7}.Debug|Any CPU.ActiveCfg = Debug|Any CPU
		{A1A06FB8-B790-40EA-898E-71BD6196CAF7}.Debug|Any CPU.Build.0 = Debug|Any CPU
		{A1A06FB8-B790-40EA-898E-71BD6196CAF7}.Release|Any CPU.ActiveCfg = Release|Any CPU
		{A1A06FB8-B790-40EA-898E-71BD6196CAF7}.Release|Any CPU.Build.0 = Release|Any CPU
		{5132F35E-1DBF-4213-BB1F-1A419C469220}.Debug|Any CPU.ActiveCfg = Debug|Any CPU
		{5132F35E-1DBF-4213-BB1F-1A419C469220}.Debug|Any CPU.Build.0 = Debug|Any CPU
		{5132F35E-1DBF-4213-BB1F-1A419C469220}.Release|Any CPU.ActiveCfg = Release|Any CPU
		{5132F35E-1DBF-4213-BB1F-1A419C469220}.Release|Any CPU.Build.0 = Release|Any CPU
		{F7D1BCC9-60FE-4945-A90A-2E9CD2AC4543}.Debug|Any CPU.ActiveCfg = Debug|Any CPU
		{F7D1BCC9-60FE-4945-A90A-2E9CD2AC4543}.Debug|Any CPU.Build.0 = Debug|Any CPU
		{F7D1BCC9-60FE-4945-A90A-2E9CD2AC4543}.Release|Any CPU.ActiveCfg = Release|Any CPU
		{F7D1BCC9-60FE-4945-A90A-2E9CD2AC4543}.Release|Any CPU.Build.0 = Release|Any CPU
		{D24C894F-E8CB-4765-8FE2-F30B1152C094}.Debug|Any CPU.ActiveCfg = Debug|Any CPU
		{D24C894F-E8CB-4765-8FE2-F30B1152C094}.Debug|Any CPU.Build.0 = Debug|Any CPU
		{D24C894F-E8CB-4765-8FE2-F30B1152C094}.Release|Any CPU.ActiveCfg = Release|Any CPU
		{D24C894F-E8CB-4765-8FE2-F30B1152C094}.Release|Any CPU.Build.0 = Release|Any CPU
	EndGlobalSection
	GlobalSection(SolutionProperties) = preSolution
		HideSolutionNode = FALSE
	EndGlobalSection
EndGlobal
